
Microsoft Visual Studio Solution File, Format Version 12.00
# Visual Studio Version 17
VisualStudioVersion = 17.7.34202.233
MinimumVisualStudioVersion = 10.0.40219.1
Project("{9A19103F-16F7-4668-BE54-9A1E7A4F7556}") = "MarsBackEnd", "MarsBackEnd\MarsBackEnd.csproj", "{D2F96687-8E93-4D2B-9C55-E84140DE1416}"
	ProjectSection(ProjectDependencies) = postProject
		{FE7CC544-93AC-4FC4-9385-D79F47915943} = {FE7CC544-93AC-4FC4-9385-D79F47915943}
	EndProjectSection
EndProject
Project("{9A19103F-16F7-4668-BE54-9A1E7A4F7556}") = "DLL", "DLL\DLL.csproj", "{FE7CC544-93AC-4FC4-9385-D79F47915943}"
EndProject
Project("{FAE04EC0-301F-11D3-BF4B-00C04F79EFBC}") = "BLL", "BLL\BLL.csproj", "{A5985630-CA9A-4342-A043-B9B298107BAC}"
EndProject
Global
	GlobalSection(SolutionConfigurationPlatforms) = preSolution
		Debug|Any CPU = Debug|Any CPU
		Release|Any CPU = Release|Any CPU
	EndGlobalSection
	GlobalSection(ProjectConfigurationPlatforms) = postSolution
		{D2F96687-8E93-4D2B-9C55-E84140DE1416}.Debug|Any CPU.ActiveCfg = Debug|Any CPU
		{D2F96687-8E93-4D2B-9C55-E84140DE1416}.Debug|Any CPU.Build.0 = Debug|Any CPU
		{D2F96687-8E93-4D2B-9C55-E84140DE1416}.Release|Any CPU.ActiveCfg = Release|Any CPU
		{D2F96687-8E93-4D2B-9C55-E84140DE1416}.Release|Any CPU.Build.0 = Release|Any CPU
		{FE7CC544-93AC-4FC4-9385-D79F47915943}.Debug|Any CPU.ActiveCfg = Debug|Any CPU
		{FE7CC544-93AC-4FC4-9385-D79F47915943}.Debug|Any CPU.Build.0 = Debug|Any CPU
		{FE7CC544-93AC-4FC4-9385-D79F47915943}.Release|Any CPU.ActiveCfg = Release|Any CPU
		{FE7CC544-93AC-4FC4-9385-D79F47915943}.Release|Any CPU.Build.0 = Release|Any CPU
		{A5985630-CA9A-4342-A043-B9B298107BAC}.Debug|Any CPU.ActiveCfg = Debug|Any CPU
		{A5985630-CA9A-4342-A043-B9B298107BAC}.Debug|Any CPU.Build.0 = Debug|Any CPU
		{A5985630-CA9A-4342-A043-B9B298107BAC}.Release|Any CPU.ActiveCfg = Release|Any CPU
		{A5985630-CA9A-4342-A043-B9B298107BAC}.Release|Any CPU.Build.0 = Release|Any CPU
	EndGlobalSection
	GlobalSection(SolutionProperties) = preSolution
		HideSolutionNode = FALSE
	EndGlobalSection
	GlobalSection(ExtensibilityGlobals) = postSolution
		SolutionGuid = {B34442C9-13D2-4DD6-84C5-6FEF9C935592}
	EndGlobalSection
EndGlobal
